// !$*UTF8*$!
{
	archiveVersion = 1;
	classes = {
	};
	objectVersion = 51;
	objects = {

/* Begin PBXBuildFile section */
		33F12B7A23522919009029E3 /* NotificationViewController.swift in Sources */ = {isa = PBXBuildFile; fileRef = 33F12B7923522919009029E3 /* NotificationViewController.swift */; };
		33F12B7C2352293D009029E3 /* NotificationTableViewCell.swift in Sources */ = {isa = PBXBuildFile; fileRef = 33F12B7B2352293D009029E3 /* NotificationTableViewCell.swift */; };
		33F12B7F23522A91009029E3 /* NotificationData.swift in Sources */ = {isa = PBXBuildFile; fileRef = 33F12B7E23522A91009029E3 /* NotificationData.swift */; };
		33F12B8123522D75009029E3 /* GoogleService-Info.plist in Resources */ = {isa = PBXBuildFile; fileRef = 33F12B8023522D74009029E3 /* GoogleService-Info.plist */; };
		33F12B8C235232B1009029E3 /* Blinker-SemiBold.ttf in Resources */ = {isa = PBXBuildFile; fileRef = 33F12B83235232B1009029E3 /* Blinker-SemiBold.ttf */; };
		33F12B8D235232B1009029E3 /* Blinker-Black.ttf in Resources */ = {isa = PBXBuildFile; fileRef = 33F12B84235232B1009029E3 /* Blinker-Black.ttf */; };
		33F12B8E235232B1009029E3 /* Blinker-Regular.ttf in Resources */ = {isa = PBXBuildFile; fileRef = 33F12B85235232B1009029E3 /* Blinker-Regular.ttf */; };
		33F12B8F235232B1009029E3 /* Blinker-Light.ttf in Resources */ = {isa = PBXBuildFile; fileRef = 33F12B86235232B1009029E3 /* Blinker-Light.ttf */; };
		33F12B90235232B1009029E3 /* OFL.txt in Resources */ = {isa = PBXBuildFile; fileRef = 33F12B87235232B1009029E3 /* OFL.txt */; };
		33F12B91235232B1009029E3 /* Blinker-Bold.ttf in Resources */ = {isa = PBXBuildFile; fileRef = 33F12B88235232B1009029E3 /* Blinker-Bold.ttf */; };
		33F12B92235232B1009029E3 /* Blinker-ExtraBold.ttf in Resources */ = {isa = PBXBuildFile; fileRef = 33F12B89235232B1009029E3 /* Blinker-ExtraBold.ttf */; };
		33F12B93235232B1009029E3 /* Blinker-Thin.ttf in Resources */ = {isa = PBXBuildFile; fileRef = 33F12B8A235232B1009029E3 /* Blinker-Thin.ttf */; };
		33F12B94235232B1009029E3 /* Blinker-ExtraLight.ttf in Resources */ = {isa = PBXBuildFile; fileRef = 33F12B8B235232B1009029E3 /* Blinker-ExtraLight.ttf */; };
		3642A0C4235217200027E373 /* ProfileViewController.swift in Sources */ = {isa = PBXBuildFile; fileRef = 3642A0C3235217200027E373 /* ProfileViewController.swift */; };
		78CA0C63234DC3F4006CBED9 /* AppDelegate.swift in Sources */ = {isa = PBXBuildFile; fileRef = 78CA0C62234DC3F4006CBED9 /* AppDelegate.swift */; };
		78CA0C65234DC3F4006CBED9 /* SceneDelegate.swift in Sources */ = {isa = PBXBuildFile; fileRef = 78CA0C64234DC3F4006CBED9 /* SceneDelegate.swift */; };
		78CA0C67234DC3F4006CBED9 /* TimelineViewController.swift in Sources */ = {isa = PBXBuildFile; fileRef = 78CA0C66234DC3F4006CBED9 /* TimelineViewController.swift */; };
		78CA0C6A234DC3F4006CBED9 /* Main.storyboard in Resources */ = {isa = PBXBuildFile; fileRef = 78CA0C68234DC3F4006CBED9 /* Main.storyboard */; };
		78CA0C6C234DC3F5006CBED9 /* Assets.xcassets in Resources */ = {isa = PBXBuildFile; fileRef = 78CA0C6B234DC3F5006CBED9 /* Assets.xcassets */; };
		78CA0C6F234DC3F5006CBED9 /* LaunchScreen.storyboard in Resources */ = {isa = PBXBuildFile; fileRef = 78CA0C6D234DC3F5006CBED9 /* LaunchScreen.storyboard */; };
		A98B4E0352552C0AE9E14941 /* Pods_CodeVar.framework in Frameworks */ = {isa = PBXBuildFile; fileRef = 6B299A090C25EB3E554F2C55 /* Pods_CodeVar.framework */; };
/* End PBXBuildFile section */

/* Begin PBXFileReference section */
		0ACE2CF6F4DAF95ECC7678AE /* Pods-CodeVar.debug.xcconfig */ = {isa = PBXFileReference; includeInIndex = 1; lastKnownFileType = text.xcconfig; name = "Pods-CodeVar.debug.xcconfig"; path = "Target Support Files/Pods-CodeVar/Pods-CodeVar.debug.xcconfig"; sourceTree = "<group>"; };
		33F12B7923522919009029E3 /* NotificationViewController.swift */ = {isa = PBXFileReference; lastKnownFileType = sourcecode.swift; path = NotificationViewController.swift; sourceTree = "<group>"; };
		33F12B7B2352293D009029E3 /* NotificationTableViewCell.swift */ = {isa = PBXFileReference; lastKnownFileType = sourcecode.swift; path = NotificationTableViewCell.swift; sourceTree = "<group>"; };
		33F12B7E23522A91009029E3 /* NotificationData.swift */ = {isa = PBXFileReference; lastKnownFileType = sourcecode.swift; path = NotificationData.swift; sourceTree = "<group>"; };
		33F12B8023522D74009029E3 /* GoogleService-Info.plist */ = {isa = PBXFileReference; fileEncoding = 4; lastKnownFileType = text.plist.xml; path = "GoogleService-Info.plist"; sourceTree = "<group>"; };
		33F12B83235232B1009029E3 /* Blinker-SemiBold.ttf */ = {isa = PBXFileReference; lastKnownFileType = file; path = "Blinker-SemiBold.ttf"; sourceTree = "<group>"; };
		33F12B84235232B1009029E3 /* Blinker-Black.ttf */ = {isa = PBXFileReference; lastKnownFileType = file; path = "Blinker-Black.ttf"; sourceTree = "<group>"; };
		33F12B85235232B1009029E3 /* Blinker-Regular.ttf */ = {isa = PBXFileReference; lastKnownFileType = file; path = "Blinker-Regular.ttf"; sourceTree = "<group>"; };
		33F12B86235232B1009029E3 /* Blinker-Light.ttf */ = {isa = PBXFileReference; lastKnownFileType = file; path = "Blinker-Light.ttf"; sourceTree = "<group>"; };
		33F12B87235232B1009029E3 /* OFL.txt */ = {isa = PBXFileReference; fileEncoding = 4; lastKnownFileType = text; path = OFL.txt; sourceTree = "<group>"; };
		33F12B88235232B1009029E3 /* Blinker-Bold.ttf */ = {isa = PBXFileReference; lastKnownFileType = file; path = "Blinker-Bold.ttf"; sourceTree = "<group>"; };
		33F12B89235232B1009029E3 /* Blinker-ExtraBold.ttf */ = {isa = PBXFileReference; lastKnownFileType = file; path = "Blinker-ExtraBold.ttf"; sourceTree = "<group>"; };
		33F12B8A235232B1009029E3 /* Blinker-Thin.ttf */ = {isa = PBXFileReference; lastKnownFileType = file; path = "Blinker-Thin.ttf"; sourceTree = "<group>"; };
		33F12B8B235232B1009029E3 /* Blinker-ExtraLight.ttf */ = {isa = PBXFileReference; lastKnownFileType = file; path = "Blinker-ExtraLight.ttf"; sourceTree = "<group>"; };
		3642A0C3235217200027E373 /* ProfileViewController.swift */ = {isa = PBXFileReference; lastKnownFileType = sourcecode.swift; path = ProfileViewController.swift; sourceTree = "<group>"; };
		59ED8F032A8697F5F50D7815 /* Pods-CodeVar.release.xcconfig */ = {isa = PBXFileReference; includeInIndex = 1; lastKnownFileType = text.xcconfig; name = "Pods-CodeVar.release.xcconfig"; path = "Target Support Files/Pods-CodeVar/Pods-CodeVar.release.xcconfig"; sourceTree = "<group>"; };
		6B299A090C25EB3E554F2C55 /* Pods_CodeVar.framework */ = {isa = PBXFileReference; explicitFileType = wrapper.framework; includeInIndex = 0; path = Pods_CodeVar.framework; sourceTree = BUILT_PRODUCTS_DIR; };
		78CA0C5F234DC3F4006CBED9 /* CodeVar.app */ = {isa = PBXFileReference; explicitFileType = wrapper.application; includeInIndex = 0; path = CodeVar.app; sourceTree = BUILT_PRODUCTS_DIR; };
		78CA0C62234DC3F4006CBED9 /* AppDelegate.swift */ = {isa = PBXFileReference; lastKnownFileType = sourcecode.swift; path = AppDelegate.swift; sourceTree = "<group>"; };
		78CA0C64234DC3F4006CBED9 /* SceneDelegate.swift */ = {isa = PBXFileReference; lastKnownFileType = sourcecode.swift; path = SceneDelegate.swift; sourceTree = "<group>"; };
		78CA0C66234DC3F4006CBED9 /* TimelineViewController.swift */ = {isa = PBXFileReference; lastKnownFileType = sourcecode.swift; path = TimelineViewController.swift; sourceTree = "<group>"; };
		78CA0C69234DC3F4006CBED9 /* Base */ = {isa = PBXFileReference; lastKnownFileType = file.storyboard; name = Base; path = Base.lproj/Main.storyboard; sourceTree = "<group>"; };
		78CA0C6B234DC3F5006CBED9 /* Assets.xcassets */ = {isa = PBXFileReference; lastKnownFileType = folder.assetcatalog; path = Assets.xcassets; sourceTree = "<group>"; };
		78CA0C6E234DC3F5006CBED9 /* Base */ = {isa = PBXFileReference; lastKnownFileType = file.storyboard; name = Base; path = Base.lproj/LaunchScreen.storyboard; sourceTree = "<group>"; };
		78CA0C70234DC3F5006CBED9 /* Info.plist */ = {isa = PBXFileReference; lastKnownFileType = text.plist.xml; path = Info.plist; sourceTree = "<group>"; };
/* End PBXFileReference section */

/* Begin PBXFrameworksBuildPhase section */
		78CA0C5C234DC3F4006CBED9 /* Frameworks */ = {
			isa = PBXFrameworksBuildPhase;
			buildActionMask = 2147483647;
			files = (
				A98B4E0352552C0AE9E14941 /* Pods_CodeVar.framework in Frameworks */,
			);
			runOnlyForDeploymentPostprocessing = 0;
		};
/* End PBXFrameworksBuildPhase section */

/* Begin PBXGroup section */
		33F12B7823522845009029E3 /* Views */ = {
			isa = PBXGroup;
			children = (
				78CA0C66234DC3F4006CBED9 /* TimelineViewController.swift */,
				3642A0C3235217200027E373 /* ProfileViewController.swift */,
				33F12B7923522919009029E3 /* NotificationViewController.swift */,
				33F12B7B2352293D009029E3 /* NotificationTableViewCell.swift */,
			);
			path = Views;
			sourceTree = "<group>";
		};
		33F12B7D23522A7E009029E3 /* Model */ = {
			isa = PBXGroup;
			children = (
				33F12B7E23522A91009029E3 /* NotificationData.swift */,
			);
			path = Model;
			sourceTree = "<group>";
		};
		33F12B82235232B1009029E3 /* Fonts */ = {
			isa = PBXGroup;
			children = (
				33F12B83235232B1009029E3 /* Blinker-SemiBold.ttf */,
				33F12B84235232B1009029E3 /* Blinker-Black.ttf */,
				33F12B85235232B1009029E3 /* Blinker-Regular.ttf */,
				33F12B86235232B1009029E3 /* Blinker-Light.ttf */,
				33F12B87235232B1009029E3 /* OFL.txt */,
				33F12B88235232B1009029E3 /* Blinker-Bold.ttf */,
				33F12B89235232B1009029E3 /* Blinker-ExtraBold.ttf */,
				33F12B8A235232B1009029E3 /* Blinker-Thin.ttf */,
				33F12B8B235232B1009029E3 /* Blinker-ExtraLight.ttf */,
			);
			path = Fonts;
			sourceTree = "<group>";
		};
		3869368E49BF2E65974C6593 /* Pods */ = {
			isa = PBXGroup;
			children = (
				0ACE2CF6F4DAF95ECC7678AE /* Pods-CodeVar.debug.xcconfig */,
				59ED8F032A8697F5F50D7815 /* Pods-CodeVar.release.xcconfig */,
			);
			path = Pods;
			sourceTree = "<group>";
		};
		78CA0C56234DC3F4006CBED9 = {
			isa = PBXGroup;
			children = (
				78CA0C61234DC3F4006CBED9 /* CodeVar */,
				78CA0C60234DC3F4006CBED9 /* Products */,
				3869368E49BF2E65974C6593 /* Pods */,
				33F12B82235232B1009029E3 /* Fonts */,
				A50D90B3D8427A31CDBA34E2 /* Frameworks */,
			);
			sourceTree = "<group>";
		};
		78CA0C60234DC3F4006CBED9 /* Products */ = {
			isa = PBXGroup;
			children = (
				78CA0C5F234DC3F4006CBED9 /* CodeVar.app */,
			);
			name = Products;
			sourceTree = "<group>";
		};
		78CA0C61234DC3F4006CBED9 /* CodeVar */ = {
			isa = PBXGroup;
			children = (
				33F12B7D23522A7E009029E3 /* Model */,
				33F12B7823522845009029E3 /* Views */,
				78CA0C62234DC3F4006CBED9 /* AppDelegate.swift */,
				78CA0C64234DC3F4006CBED9 /* SceneDelegate.swift */,
				78CA0C68234DC3F4006CBED9 /* Main.storyboard */,
				78CA0C6B234DC3F5006CBED9 /* Assets.xcassets */,
				78CA0C6D234DC3F5006CBED9 /* LaunchScreen.storyboard */,
				78CA0C70234DC3F5006CBED9 /* Info.plist */,
				33F12B8023522D74009029E3 /* GoogleService-Info.plist */,
			);
			path = CodeVar;
			sourceTree = "<group>";
		};
		A50D90B3D8427A31CDBA34E2 /* Frameworks */ = {
			isa = PBXGroup;
			children = (
				6B299A090C25EB3E554F2C55 /* Pods_CodeVar.framework */,
			);
			name = Frameworks;
			sourceTree = "<group>";
		};
/* End PBXGroup section */

/* Begin PBXNativeTarget section */
		78CA0C5E234DC3F4006CBED9 /* CodeVar */ = {
			isa = PBXNativeTarget;
			buildConfigurationList = 78CA0C73234DC3F5006CBED9 /* Build configuration list for PBXNativeTarget "CodeVar" */;
			buildPhases = (
				7CE82E2A88BE85FC165D0E3B /* [CP] Check Pods Manifest.lock */,
				78CA0C5B234DC3F4006CBED9 /* Sources */,
				78CA0C5C234DC3F4006CBED9 /* Frameworks */,
				78CA0C5D234DC3F4006CBED9 /* Resources */,
				FCEFC37956530B129C35B89F /* [CP] Embed Pods Frameworks */,
			);
			buildRules = (
			);
			dependencies = (
			);
			name = CodeVar;
			productName = CodeVar;
			productReference = 78CA0C5F234DC3F4006CBED9 /* CodeVar.app */;
			productType = "com.apple.product-type.application";
		};
/* End PBXNativeTarget section */

/* Begin PBXProject section */
		78CA0C57234DC3F4006CBED9 /* Project object */ = {
			isa = PBXProject;
			attributes = {
				LastSwiftUpdateCheck = 1100;
				LastUpgradeCheck = 1100;
				ORGANIZATIONNAME = "Tushar Singh";
				TargetAttributes = {
					78CA0C5E234DC3F4006CBED9 = {
						CreatedOnToolsVersion = 11.0;
					};
				};
			};
			buildConfigurationList = 78CA0C5A234DC3F4006CBED9 /* Build configuration list for PBXProject "CodeVar" */;
			compatibilityVersion = "Xcode 9.3";
			developmentRegion = en;
			hasScannedForEncodings = 0;
			knownRegions = (
				en,
				Base,
			);
			mainGroup = 78CA0C56234DC3F4006CBED9;
			productRefGroup = 78CA0C60234DC3F4006CBED9 /* Products */;
			projectDirPath = "";
			projectRoot = "";
			targets = (
				78CA0C5E234DC3F4006CBED9 /* CodeVar */,
			);
		};
/* End PBXProject section */

/* Begin PBXResourcesBuildPhase section */
		78CA0C5D234DC3F4006CBED9 /* Resources */ = {
			isa = PBXResourcesBuildPhase;
			buildActionMask = 2147483647;
			files = (
				78CA0C6F234DC3F5006CBED9 /* LaunchScreen.storyboard in Resources */,
				33F12B92235232B1009029E3 /* Blinker-ExtraBold.ttf in Resources */,
				33F12B8F235232B1009029E3 /* Blinker-Light.ttf in Resources */,
				33F12B94235232B1009029E3 /* Blinker-ExtraLight.ttf in Resources */,
				33F12B8E235232B1009029E3 /* Blinker-Regular.ttf in Resources */,
				33F12B90235232B1009029E3 /* OFL.txt in Resources */,
				33F12B8123522D75009029E3 /* GoogleService-Info.plist in Resources */,
				33F12B91235232B1009029E3 /* Blinker-Bold.ttf in Resources */,
				33F12B93235232B1009029E3 /* Blinker-Thin.ttf in Resources */,
				33F12B8D235232B1009029E3 /* Blinker-Black.ttf in Resources */,
				33F12B8C235232B1009029E3 /* Blinker-SemiBold.ttf in Resources */,
				78CA0C6C234DC3F5006CBED9 /* Assets.xcassets in Resources */,
				78CA0C6A234DC3F4006CBED9 /* Main.storyboard in Resources */,
			);
			runOnlyForDeploymentPostprocessing = 0;
		};
/* End PBXResourcesBuildPhase section */

/* Begin PBXShellScriptBuildPhase section */
		7CE82E2A88BE85FC165D0E3B /* [CP] Check Pods Manifest.lock */ = {
			isa = PBXShellScriptBuildPhase;
			buildActionMask = 2147483647;
			files = (
			);
			inputFileListPaths = (
			);
			inputPaths = (
				"${PODS_PODFILE_DIR_PATH}/Podfile.lock",
				"${PODS_ROOT}/Manifest.lock",
			);
			name = "[CP] Check Pods Manifest.lock";
			outputFileListPaths = (
			);
			outputPaths = (
				"$(DERIVED_FILE_DIR)/Pods-CodeVar-checkManifestLockResult.txt",
			);
			runOnlyForDeploymentPostprocessing = 0;
			shellPath = /bin/sh;
			shellScript = "diff \"${PODS_PODFILE_DIR_PATH}/Podfile.lock\" \"${PODS_ROOT}/Manifest.lock\" > /dev/null\nif [ $? != 0 ] ; then\n    # print error to STDERR\n    echo \"error: The sandbox is not in sync with the Podfile.lock. Run 'pod install' or update your CocoaPods installation.\" >&2\n    exit 1\nfi\n# This output is used by Xcode 'outputs' to avoid re-running this script phase.\necho \"SUCCESS\" > \"${SCRIPT_OUTPUT_FILE_0}\"\n";
			showEnvVarsInLog = 0;
		};
		FCEFC37956530B129C35B89F /* [CP] Embed Pods Frameworks */ = {
			isa = PBXShellScriptBuildPhase;
			buildActionMask = 2147483647;
			files = (
			);
			inputFileListPaths = (
				"${PODS_ROOT}/Target Support Files/Pods-CodeVar/Pods-CodeVar-frameworks-${CONFIGURATION}-input-files.xcfilelist",
			);
			name = "[CP] Embed Pods Frameworks";
			outputFileListPaths = (
				"${PODS_ROOT}/Target Support Files/Pods-CodeVar/Pods-CodeVar-frameworks-${CONFIGURATION}-output-files.xcfilelist",
			);
			runOnlyForDeploymentPostprocessing = 0;
			shellPath = /bin/sh;
			shellScript = "\"${PODS_ROOT}/Target Support Files/Pods-CodeVar/Pods-CodeVar-frameworks.sh\"\n";
			showEnvVarsInLog = 0;
		};
/* End PBXShellScriptBuildPhase section */

/* Begin PBXSourcesBuildPhase section */
		78CA0C5B234DC3F4006CBED9 /* Sources */ = {
			isa = PBXSourcesBuildPhase;
			buildActionMask = 2147483647;
			files = (
				33F12B7C2352293D009029E3 /* NotificationTableViewCell.swift in Sources */,
				33F12B7A23522919009029E3 /* NotificationViewController.swift in Sources */,
				78CA0C67234DC3F4006CBED9 /* TimelineViewController.swift in Sources */,
				78CA0C63234DC3F4006CBED9 /* AppDelegate.swift in Sources */,
				3642A0C4235217200027E373 /* ProfileViewController.swift in Sources */,
				78CA0C65234DC3F4006CBED9 /* SceneDelegate.swift in Sources */,
				33F12B7F23522A91009029E3 /* NotificationData.swift in Sources */,
			);
			runOnlyForDeploymentPostprocessing = 0;
		};
/* End PBXSourcesBuildPhase section */

/* Begin PBXVariantGroup section */
		78CA0C68234DC3F4006CBED9 /* Main.storyboard */ = {
			isa = PBXVariantGroup;
			children = (
				78CA0C69234DC3F4006CBED9 /* Base */,
			);
			name = Main.storyboard;
			sourceTree = "<group>";
		};
		78CA0C6D234DC3F5006CBED9 /* LaunchScreen.storyboard */ = {
			isa = PBXVariantGroup;
			children = (
				78CA0C6E234DC3F5006CBED9 /* Base */,
			);
			name = LaunchScreen.storyboard;
			sourceTree = "<group>";
		};
/* End PBXVariantGroup section */

/* Begin XCBuildConfiguration section */
		78CA0C71234DC3F5006CBED9 /* Debug */ = {
			isa = XCBuildConfiguration;
			buildSettings = {
				ALWAYS_SEARCH_USER_PATHS = NO;
				CLANG_ANALYZER_NONNULL = YES;
				CLANG_ANALYZER_NUMBER_OBJECT_CONVERSION = YES_AGGRESSIVE;
				CLANG_CXX_LANGUAGE_STANDARD = "gnu++14";
				CLANG_CXX_LIBRARY = "libc++";
				CLANG_ENABLE_MODULES = YES;
				CLANG_ENABLE_OBJC_ARC = YES;
				CLANG_ENABLE_OBJC_WEAK = YES;
				CLANG_WARN_BLOCK_CAPTURE_AUTORELEASING = YES;
				CLANG_WARN_BOOL_CONVERSION = YES;
				CLANG_WARN_COMMA = YES;
				CLANG_WARN_CONSTANT_CONVERSION = YES;
				CLANG_WARN_DEPRECATED_OBJC_IMPLEMENTATIONS = YES;
				CLANG_WARN_DIRECT_OBJC_ISA_USAGE = YES_ERROR;
				CLANG_WARN_DOCUMENTATION_COMMENTS = YES;
				CLANG_WARN_EMPTY_BODY = YES;
				CLANG_WARN_ENUM_CONVERSION = YES;
				CLANG_WARN_INFINITE_RECURSION = YES;
				CLANG_WARN_INT_CONVERSION = YES;
				CLANG_WARN_NON_LITERAL_NULL_CONVERSION = YES;
				CLANG_WARN_OBJC_IMPLICIT_RETAIN_SELF = YES;
				CLANG_WARN_OBJC_LITERAL_CONVERSION = YES;
				CLANG_WARN_OBJC_ROOT_CLASS = YES_ERROR;
				CLANG_WARN_RANGE_LOOP_ANALYSIS = YES;
				CLANG_WARN_STRICT_PROTOTYPES = YES;
				CLANG_WARN_SUSPICIOUS_MOVE = YES;
				CLANG_WARN_UNGUARDED_AVAILABILITY = YES_AGGRESSIVE;
				CLANG_WARN_UNREACHABLE_CODE = YES;
				CLANG_WARN__DUPLICATE_METHOD_MATCH = YES;
				COPY_PHASE_STRIP = NO;
				DEBUG_INFORMATION_FORMAT = dwarf;
				ENABLE_STRICT_OBJC_MSGSEND = YES;
				ENABLE_TESTABILITY = YES;
				GCC_C_LANGUAGE_STANDARD = gnu11;
				GCC_DYNAMIC_NO_PIC = NO;
				GCC_NO_COMMON_BLOCKS = YES;
				GCC_OPTIMIZATION_LEVEL = 0;
				GCC_PREPROCESSOR_DEFINITIONS = (
					"DEBUG=1",
					"$(inherited)",
				);
				GCC_WARN_64_TO_32_BIT_CONVERSION = YES;
				GCC_WARN_ABOUT_RETURN_TYPE = YES_ERROR;
				GCC_WARN_UNDECLARED_SELECTOR = YES;
				GCC_WARN_UNINITIALIZED_AUTOS = YES_AGGRESSIVE;
				GCC_WARN_UNUSED_FUNCTION = YES;
				GCC_WARN_UNUSED_VARIABLE = YES;
				IPHONEOS_DEPLOYMENT_TARGET = 13.0;
				MTL_ENABLE_DEBUG_INFO = INCLUDE_SOURCE;
				MTL_FAST_MATH = YES;
				ONLY_ACTIVE_ARCH = YES;
				SDKROOT = iphoneos;
				SWIFT_ACTIVE_COMPILATION_CONDITIONS = DEBUG;
				SWIFT_OPTIMIZATION_LEVEL = "-Onone";
			};
			name = Debug;
		};
		78CA0C72234DC3F5006CBED9 /* Release */ = {
			isa = XCBuildConfiguration;
			buildSettings = {
				ALWAYS_SEARCH_USER_PATHS = NO;
				CLANG_ANALYZER_NONNULL = YES;
				CLANG_ANALYZER_NUMBER_OBJECT_CONVERSION = YES_AGGRESSIVE;
				CLANG_CXX_LANGUAGE_STANDARD = "gnu++14";
				CLANG_CXX_LIBRARY = "libc++";
				CLANG_ENABLE_MODULES = YES;
				CLANG_ENABLE_OBJC_ARC = YES;
				CLANG_ENABLE_OBJC_WEAK = YES;
				CLANG_WARN_BLOCK_CAPTURE_AUTORELEASING = YES;
				CLANG_WARN_BOOL_CONVERSION = YES;
				CLANG_WARN_COMMA = YES;
				CLANG_WARN_CONSTANT_CONVERSION = YES;
				CLANG_WARN_DEPRECATED_OBJC_IMPLEMENTATIONS = YES;
				CLANG_WARN_DIRECT_OBJC_ISA_USAGE = YES_ERROR;
				CLANG_WARN_DOCUMENTATION_COMMENTS = YES;
				CLANG_WARN_EMPTY_BODY = YES;
				CLANG_WARN_ENUM_CONVERSION = YES;
				CLANG_WARN_INFINITE_RECURSION = YES;
				CLANG_WARN_INT_CONVERSION = YES;
				CLANG_WARN_NON_LITERAL_NULL_CONVERSION = YES;
				CLANG_WARN_OBJC_IMPLICIT_RETAIN_SELF = YES;
				CLANG_WARN_OBJC_LITERAL_CONVERSION = YES;
				CLANG_WARN_OBJC_ROOT_CLASS = YES_ERROR;
				CLANG_WARN_RANGE_LOOP_ANALYSIS = YES;
				CLANG_WARN_STRICT_PROTOTYPES = YES;
				CLANG_WARN_SUSPICIOUS_MOVE = YES;
				CLANG_WARN_UNGUARDED_AVAILABILITY = YES_AGGRESSIVE;
				CLANG_WARN_UNREACHABLE_CODE = YES;
				CLANG_WARN__DUPLICATE_METHOD_MATCH = YES;
				COPY_PHASE_STRIP = NO;
				DEBUG_INFORMATION_FORMAT = "dwarf-with-dsym";
				ENABLE_NS_ASSERTIONS = NO;
				ENABLE_STRICT_OBJC_MSGSEND = YES;
				GCC_C_LANGUAGE_STANDARD = gnu11;
				GCC_NO_COMMON_BLOCKS = YES;
				GCC_WARN_64_TO_32_BIT_CONVERSION = YES;
				GCC_WARN_ABOUT_RETURN_TYPE = YES_ERROR;
				GCC_WARN_UNDECLARED_SELECTOR = YES;
				GCC_WARN_UNINITIALIZED_AUTOS = YES_AGGRESSIVE;
				GCC_WARN_UNUSED_FUNCTION = YES;
				GCC_WARN_UNUSED_VARIABLE = YES;
				IPHONEOS_DEPLOYMENT_TARGET = 13.0;
				MTL_ENABLE_DEBUG_INFO = NO;
				MTL_FAST_MATH = YES;
				SDKROOT = iphoneos;
				SWIFT_COMPILATION_MODE = wholemodule;
				SWIFT_OPTIMIZATION_LEVEL = "-O";
				VALIDATE_PRODUCT = YES;
			};
			name = Release;
		};
		78CA0C74234DC3F5006CBED9 /* Debug */ = {
			isa = XCBuildConfiguration;
			baseConfigurationReference = 0ACE2CF6F4DAF95ECC7678AE /* Pods-CodeVar.debug.xcconfig */;
			buildSettings = {
				ASSETCATALOG_COMPILER_APPICON_NAME = AppIcon;
				CODE_SIGN_STYLE = Automatic;
				DEVELOPMENT_TEAM = SDDB7WX63J;
				INFOPLIST_FILE = CodeVar/Info.plist;
				LD_RUNPATH_SEARCH_PATHS = (
					"$(inherited)",
					"@executable_path/Frameworks",
				);
				PRODUCT_BUNDLE_IDENTIFIER = Tushar.CodeVar;
				PRODUCT_NAME = "$(TARGET_NAME)";
				SWIFT_VERSION = 5.0;
				TARGETED_DEVICE_FAMILY = "1,2";
			};
			name = Debug;
		};
		78CA0C75234DC3F5006CBED9 /* Release */ = {
			isa = XCBuildConfiguration;
			baseConfigurationReference = 59ED8F032A8697F5F50D7815 /* Pods-CodeVar.release.xcconfig */;
			buildSettings = {
				ASSETCATALOG_COMPILER_APPICON_NAME = AppIcon;
				CODE_SIGN_STYLE = Automatic;
				DEVELOPMENT_TEAM = SDDB7WX63J;
				INFOPLIST_FILE = CodeVar/Info.plist;
				LD_RUNPATH_SEARCH_PATHS = (
					"$(inherited)",
					"@executable_path/Frameworks",
				);
				PRODUCT_BUNDLE_IDENTIFIER = Tushar.CodeVar;
				PRODUCT_NAME = "$(TARGET_NAME)";
				SWIFT_VERSION = 5.0;
				TARGETED_DEVICE_FAMILY = "1,2";
			};
			name = Release;
		};
/* End XCBuildConfiguration section */

/* Begin XCConfigurationList section */
		78CA0C5A234DC3F4006CBED9 /* Build configuration list for PBXProject "CodeVar" */ = {
			isa = XCConfigurationList;
			buildConfigurations = (
				78CA0C71234DC3F5006CBED9 /* Debug */,
				78CA0C72234DC3F5006CBED9 /* Release */,
			);
			defaultConfigurationIsVisible = 0;
			defaultConfigurationName = Release;
		};
		78CA0C73234DC3F5006CBED9 /* Build configuration list for PBXNativeTarget "CodeVar" */ = {
			isa = XCConfigurationList;
			buildConfigurations = (
				78CA0C74234DC3F5006CBED9 /* Debug */,
				78CA0C75234DC3F5006CBED9 /* Release */,
			);
			defaultConfigurationIsVisible = 0;
			defaultConfigurationName = Release;
		};
/* End XCConfigurationList section */
	};
	rootObject = 78CA0C57234DC3F4006CBED9 /* Project object */;
}
